PODS:
  - Alamofire (5.4.4)
  - Realm (10.16.0):
    - Realm/Headers (= 10.16.0)
  - Realm/Headers (10.16.0)
  - RealmSwift (10.16.0):
    - Realm (= 10.16.0)
  - RxCocoa (6.2.0):
    - RxRelay (= 6.2.0)
    - RxSwift (= 6.2.0)
  - RxRelay (6.2.0):
    - RxSwift (= 6.2.0)
  - RxSwift (6.2.0)
  - SwiftLint (0.44.0)
  - Swinject (2.8.0)

DEPENDENCIES:
  - Alamofire (= 5.4.4)
  - RealmSwift (= 10.16.0)
  - RxCocoa (= 6.2.0)
  - RxSwift (= 6.2.0)
  - SwiftLint (= 0.44.0)
  - Swinject (= 2.8.0)

SPEC REPOS:
  trunk:
    - Alamofire
    - Realm
    - RealmSwift
    - RxCocoa
    - RxRelay
    - RxSwift
    - SwiftLint
    - Swinject

SPEC CHECKSUMS:
  Alamofire: f3b09a368f1582ab751b3fff5460276e0d2cf5c9
  Realm: b6027801398f3743fc222f096faa85281b506e6c
  RealmSwift: b02a3d0e4947955da960b642c98ad3a461fc4e70
  RxCocoa: 4baf94bb35f2c0ab31bc0cb9f1900155f646ba42
  RxRelay: e72dbfd157807478401ef1982e1c61c945c94b2f
  RxSwift: d356ab7bee873611322f134c5f9ef379fa183d8f
  SwiftLint: e96c0a8c770c7ebbc4d36c55baf9096bb65c4584
  Swinject: db795b8d6d78559b25fbebb0170d2635be1176e2

PODFILE CHECKSUM: 010e8c69cbaa48d51407a4f0813cddc8add1326c

COCOAPODS: 1.11.2
