// !$*UTF8*$!
{
	archiveVersion = 1;
	classes = {
	};
	objectVersion = 48;
	objects = {

/* Begin PBXBuildFile section */
		0C45E9C512077DE96EEDA153 /* Pods_MVVM.framework in Frameworks */ = {isa = PBXBuildFile; fileRef = 63142586B6B0B426078E3979 /* Pods_MVVM.framework */; };
		7650E64A201770A500005F12 /* Task.swift in Sources */ = {isa = PBXBuildFile; fileRef = 7650E649201770A500005F12 /* Task.swift */; };
		7650E64C201774DD00005F12 /* Repository.swift in Sources */ = {isa = PBXBuildFile; fileRef = 7650E64B201774DD00005F12 /* Repository.swift */; };
		7650E64E201778DF00005F12 /* TaskRepository.swift in Sources */ = {isa = PBXBuildFile; fileRef = 7650E64D201778DF00005F12 /* TaskRepository.swift */; };
		7650E6502017799D00005F12 /* TaskDatabaseRepository.swift in Sources */ = {isa = PBXBuildFile; fileRef = 7650E64F2017799D00005F12 /* TaskDatabaseRepository.swift */; };
		7650E6572018BF4600005F12 /* TasksViewModel.swift in Sources */ = {isa = PBXBuildFile; fileRef = 7650E6562018BF4600005F12 /* TasksViewModel.swift */; };
		7650E6592018CA3000005F12 /* RealmTask.swift in Sources */ = {isa = PBXBuildFile; fileRef = 7650E6582018CA3000005F12 /* RealmTask.swift */; };
		76AD0DA12010DFEE00C99F19 /* AppDelegate.swift in Sources */ = {isa = PBXBuildFile; fileRef = 76AD0DA02010DFEE00C99F19 /* AppDelegate.swift */; };
		76AD0DA32010DFEE00C99F19 /* ViewController.swift in Sources */ = {isa = PBXBuildFile; fileRef = 76AD0DA22010DFEE00C99F19 /* ViewController.swift */; };
		76AD0DA62010DFEE00C99F19 /* Main.storyboard in Resources */ = {isa = PBXBuildFile; fileRef = 76AD0DA42010DFEE00C99F19 /* Main.storyboard */; };
		76AD0DA82010DFEE00C99F19 /* Assets.xcassets in Resources */ = {isa = PBXBuildFile; fileRef = 76AD0DA72010DFEE00C99F19 /* Assets.xcassets */; };
		76AD0DAB2010DFEE00C99F19 /* LaunchScreen.storyboard in Resources */ = {isa = PBXBuildFile; fileRef = 76AD0DA92010DFEE00C99F19 /* LaunchScreen.storyboard */; };
/* End PBXBuildFile section */

/* Begin PBXFileReference section */
		63142586B6B0B426078E3979 /* Pods_MVVM.framework */ = {isa = PBXFileReference; explicitFileType = wrapper.framework; includeInIndex = 0; path = Pods_MVVM.framework; sourceTree = BUILT_PRODUCTS_DIR; };
		7650E649201770A500005F12 /* Task.swift */ = {isa = PBXFileReference; lastKnownFileType = sourcecode.swift; path = Task.swift; sourceTree = "<group>"; };
		7650E64B201774DD00005F12 /* Repository.swift */ = {isa = PBXFileReference; lastKnownFileType = sourcecode.swift; path = Repository.swift; sourceTree = "<group>"; };
		7650E64D201778DF00005F12 /* TaskRepository.swift */ = {isa = PBXFileReference; lastKnownFileType = sourcecode.swift; path = TaskRepository.swift; sourceTree = "<group>"; };
		7650E64F2017799D00005F12 /* TaskDatabaseRepository.swift */ = {isa = PBXFileReference; lastKnownFileType = sourcecode.swift; path = TaskDatabaseRepository.swift; sourceTree = "<group>"; };
		7650E6562018BF4600005F12 /* TasksViewModel.swift */ = {isa = PBXFileReference; lastKnownFileType = sourcecode.swift; path = TasksViewModel.swift; sourceTree = "<group>"; };
		7650E6582018CA3000005F12 /* RealmTask.swift */ = {isa = PBXFileReference; lastKnownFileType = sourcecode.swift; path = RealmTask.swift; sourceTree = "<group>"; };
		76AD0D9D2010DFEE00C99F19 /* MVVM.app */ = {isa = PBXFileReference; explicitFileType = wrapper.application; includeInIndex = 0; path = MVVM.app; sourceTree = BUILT_PRODUCTS_DIR; };
		76AD0DA02010DFEE00C99F19 /* AppDelegate.swift */ = {isa = PBXFileReference; lastKnownFileType = sourcecode.swift; path = AppDelegate.swift; sourceTree = "<group>"; };
		76AD0DA22010DFEE00C99F19 /* ViewController.swift */ = {isa = PBXFileReference; lastKnownFileType = sourcecode.swift; path = ViewController.swift; sourceTree = "<group>"; };
		76AD0DA52010DFEE00C99F19 /* Base */ = {isa = PBXFileReference; lastKnownFileType = file.storyboard; name = Base; path = Base.lproj/Main.storyboard; sourceTree = "<group>"; };
		76AD0DA72010DFEE00C99F19 /* Assets.xcassets */ = {isa = PBXFileReference; lastKnownFileType = folder.assetcatalog; path = Assets.xcassets; sourceTree = "<group>"; };
		76AD0DAA2010DFEE00C99F19 /* Base */ = {isa = PBXFileReference; lastKnownFileType = file.storyboard; name = Base; path = Base.lproj/LaunchScreen.storyboard; sourceTree = "<group>"; };
		76AD0DAC2010DFEE00C99F19 /* Info.plist */ = {isa = PBXFileReference; lastKnownFileType = text.plist.xml; path = Info.plist; sourceTree = "<group>"; };
		84B65BE446AFFCBE2210D1BC /* Pods-MVVM.debug.xcconfig */ = {isa = PBXFileReference; includeInIndex = 1; lastKnownFileType = text.xcconfig; name = "Pods-MVVM.debug.xcconfig"; path = "Pods/Target Support Files/Pods-MVVM/Pods-MVVM.debug.xcconfig"; sourceTree = "<group>"; };
		A380308D9569BC7C50544AAD /* Pods-MVVM.release.xcconfig */ = {isa = PBXFileReference; includeInIndex = 1; lastKnownFileType = text.xcconfig; name = "Pods-MVVM.release.xcconfig"; path = "Pods/Target Support Files/Pods-MVVM/Pods-MVVM.release.xcconfig"; sourceTree = "<group>"; };
/* End PBXFileReference section */

/* Begin PBXFrameworksBuildPhase section */
		76AD0D9A2010DFEE00C99F19 /* Frameworks */ = {
			isa = PBXFrameworksBuildPhase;
			buildActionMask = 2147483647;
			files = (
				0C45E9C512077DE96EEDA153 /* Pods_MVVM.framework in Frameworks */,
			);
			runOnlyForDeploymentPostprocessing = 0;
		};
/* End PBXFrameworksBuildPhase section */

/* Begin PBXGroup section */
		23E6DD92B772CA4D2DF4724F /* Frameworks */ = {
			isa = PBXGroup;
			children = (
				63142586B6B0B426078E3979 /* Pods_MVVM.framework */,
			);
			name = Frameworks;
			sourceTree = "<group>";
		};
		7650E6482017708F00005F12 /* Data */ = {
			isa = PBXGroup;
			children = (
				7650E649201770A500005F12 /* Task.swift */,
				7650E64B201774DD00005F12 /* Repository.swift */,
				7650E64D201778DF00005F12 /* TaskRepository.swift */,
				7650E64F2017799D00005F12 /* TaskDatabaseRepository.swift */,
				7650E6582018CA3000005F12 /* RealmTask.swift */,
			);
			path = Data;
			sourceTree = "<group>";
		};
		7650E6542018BED500005F12 /* UI */ = {
			isa = PBXGroup;
			children = (
				7650E6562018BF4600005F12 /* TasksViewModel.swift */,
			);
			path = UI;
			sourceTree = "<group>";
		};
		7650E6552018BEF200005F12 /* DI */ = {
			isa = PBXGroup;
			children = (
			);
			path = DI;
			sourceTree = "<group>";
		};
		76AD0D942010DFED00C99F19 = {
			isa = PBXGroup;
			children = (
				76AD0D9F2010DFEE00C99F19 /* MVVM */,
				76AD0D9E2010DFEE00C99F19 /* Products */,
				AA1501493947CB36C0473E6E /* Pods */,
				23E6DD92B772CA4D2DF4724F /* Frameworks */,
			);
			sourceTree = "<group>";
		};
		76AD0D9E2010DFEE00C99F19 /* Products */ = {
			isa = PBXGroup;
			children = (
				76AD0D9D2010DFEE00C99F19 /* MVVM.app */,
			);
			name = Products;
			sourceTree = "<group>";
		};
		76AD0D9F2010DFEE00C99F19 /* MVVM */ = {
			isa = PBXGroup;
			children = (
				76AD0DA02010DFEE00C99F19 /* AppDelegate.swift */,
				76AD0DA72010DFEE00C99F19 /* Assets.xcassets */,
				7650E6482017708F00005F12 /* Data */,
				7650E6552018BEF200005F12 /* DI */,
				76AD0DAC2010DFEE00C99F19 /* Info.plist */,
				76AD0DA92010DFEE00C99F19 /* LaunchScreen.storyboard */,
				76AD0DA42010DFEE00C99F19 /* Main.storyboard */,
				7650E6542018BED500005F12 /* UI */,
				76AD0DA22010DFEE00C99F19 /* ViewController.swift */,
			);
			path = MVVM;
			sourceTree = "<group>";
		};
		AA1501493947CB36C0473E6E /* Pods */ = {
			isa = PBXGroup;
			children = (
				84B65BE446AFFCBE2210D1BC /* Pods-MVVM.debug.xcconfig */,
				A380308D9569BC7C50544AAD /* Pods-MVVM.release.xcconfig */,
			);
			name = Pods;
			sourceTree = "<group>";
		};
/* End PBXGroup section */

/* Begin PBXNativeTarget section */
		76AD0D9C2010DFEE00C99F19 /* MVVM */ = {
			isa = PBXNativeTarget;
			buildConfigurationList = 76AD0DAF2010DFEE00C99F19 /* Build configuration list for PBXNativeTarget "MVVM" */;
			buildPhases = (
				7E58A1DA121D955279EE3C92 /* [CP] Check Pods Manifest.lock */,
				76AD0D992010DFEE00C99F19 /* Sources */,
				76AD0D9A2010DFEE00C99F19 /* Frameworks */,
				76AD0D9B2010DFEE00C99F19 /* Resources */,
				DD7FBE920F830007E72E96D2 /* [CP] Embed Pods Frameworks */,
				6E108E7B3B4BC3B1334D8AEF /* [CP] Copy Pods Resources */,
				76F871E52010E53E00DA9D0B /* Lint Code */,
			);
			buildRules = (
			);
			dependencies = (
			);
			name = MVVM;
			productName = MVVM;
			productReference = 76AD0D9D2010DFEE00C99F19 /* MVVM.app */;
			productType = "com.apple.product-type.application";
		};
/* End PBXNativeTarget section */

/* Begin PBXProject section */
		76AD0D952010DFED00C99F19 /* Project object */ = {
			isa = PBXProject;
			attributes = {
				LastSwiftUpdateCheck = 0920;
				LastUpgradeCheck = 0920;
				ORGANIZATIONNAME = "David Corrado";
				TargetAttributes = {
					76AD0D9C2010DFEE00C99F19 = {
						CreatedOnToolsVersion = 9.2;
						ProvisioningStyle = Automatic;
					};
				};
			};
			buildConfigurationList = 76AD0D982010DFED00C99F19 /* Build configuration list for PBXProject "MVVM" */;
			compatibilityVersion = "Xcode 8.0";
			developmentRegion = en;
			hasScannedForEncodings = 0;
			knownRegions = (
				en,
				Base,
			);
			mainGroup = 76AD0D942010DFED00C99F19;
			productRefGroup = 76AD0D9E2010DFEE00C99F19 /* Products */;
			projectDirPath = "";
			projectRoot = "";
			targets = (
				76AD0D9C2010DFEE00C99F19 /* MVVM */,
			);
		};
/* End PBXProject section */

/* Begin PBXResourcesBuildPhase section */
		76AD0D9B2010DFEE00C99F19 /* Resources */ = {
			isa = PBXResourcesBuildPhase;
			buildActionMask = 2147483647;
			files = (
				76AD0DAB2010DFEE00C99F19 /* LaunchScreen.storyboard in Resources */,
				76AD0DA82010DFEE00C99F19 /* Assets.xcassets in Resources */,
				76AD0DA62010DFEE00C99F19 /* Main.storyboard in Resources */,
			);
			runOnlyForDeploymentPostprocessing = 0;
		};
/* End PBXResourcesBuildPhase section */

/* Begin PBXShellScriptBuildPhase section */
		6E108E7B3B4BC3B1334D8AEF /* [CP] Copy Pods Resources */ = {
			isa = PBXShellScriptBuildPhase;
			buildActionMask = 2147483647;
			files = (
			);
			inputPaths = (
			);
			name = "[CP] Copy Pods Resources";
			outputPaths = (
			);
			runOnlyForDeploymentPostprocessing = 0;
			shellPath = /bin/sh;
			shellScript = "\"${SRCROOT}/Pods/Target Support Files/Pods-MVVM/Pods-MVVM-resources.sh\"\n";
			showEnvVarsInLog = 0;
		};
		76F871E52010E53E00DA9D0B /* Lint Code */ = {
			isa = PBXShellScriptBuildPhase;
			buildActionMask = 2147483647;
			files = (
			);
			inputPaths = (
			);
			name = "Lint Code";
			outputPaths = (
			);
			runOnlyForDeploymentPostprocessing = 0;
			shellPath = /bin/sh;
			shellScript = "${PODS_ROOT}/SwiftLint/swiftlint";
		};
		7E58A1DA121D955279EE3C92 /* [CP] Check Pods Manifest.lock */ = {
			isa = PBXShellScriptBuildPhase;
			buildActionMask = 2147483647;
			files = (
			);
			inputPaths = (
				"${PODS_PODFILE_DIR_PATH}/Podfile.lock",
				"${PODS_ROOT}/Manifest.lock",
			);
			name = "[CP] Check Pods Manifest.lock";
			outputPaths = (
				"$(DERIVED_FILE_DIR)/Pods-MVVM-checkManifestLockResult.txt",
			);
			runOnlyForDeploymentPostprocessing = 0;
			shellPath = /bin/sh;
			shellScript = "diff \"${PODS_PODFILE_DIR_PATH}/Podfile.lock\" \"${PODS_ROOT}/Manifest.lock\" > /dev/null\nif [ $? != 0 ] ; then\n    # print error to STDERR\n    echo \"error: The sandbox is not in sync with the Podfile.lock. Run 'pod install' or update your CocoaPods installation.\" >&2\n    exit 1\nfi\n# This output is used by Xcode 'outputs' to avoid re-running this script phase.\necho \"SUCCESS\" > \"${SCRIPT_OUTPUT_FILE_0}\"\n";
			showEnvVarsInLog = 0;
		};
		DD7FBE920F830007E72E96D2 /* [CP] Embed Pods Frameworks */ = {
			isa = PBXShellScriptBuildPhase;
			buildActionMask = 2147483647;
			files = (
			);
			inputPaths = (
				"${SRCROOT}/Pods/Target Support Files/Pods-MVVM/Pods-MVVM-frameworks.sh",
				"${BUILT_PRODUCTS_DIR}/Alamofire/Alamofire.framework",
				"${BUILT_PRODUCTS_DIR}/Realm/Realm.framework",
				"${BUILT_PRODUCTS_DIR}/RealmSwift/RealmSwift.framework",
				"${BUILT_PRODUCTS_DIR}/RxCocoa/RxCocoa.framework",
				"${BUILT_PRODUCTS_DIR}/RxSwift/RxSwift.framework",
				"${BUILT_PRODUCTS_DIR}/Swinject/Swinject.framework",
			);
			name = "[CP] Embed Pods Frameworks";
			outputPaths = (
				"${TARGET_BUILD_DIR}/${FRAMEWORKS_FOLDER_PATH}/Alamofire.framework",
				"${TARGET_BUILD_DIR}/${FRAMEWORKS_FOLDER_PATH}/Realm.framework",
				"${TARGET_BUILD_DIR}/${FRAMEWORKS_FOLDER_PATH}/RealmSwift.framework",
				"${TARGET_BUILD_DIR}/${FRAMEWORKS_FOLDER_PATH}/RxCocoa.framework",
				"${TARGET_BUILD_DIR}/${FRAMEWORKS_FOLDER_PATH}/RxSwift.framework",
				"${TARGET_BUILD_DIR}/${FRAMEWORKS_FOLDER_PATH}/Swinject.framework",
			);
			runOnlyForDeploymentPostprocessing = 0;
			shellPath = /bin/sh;
			shellScript = "\"${SRCROOT}/Pods/Target Support Files/Pods-MVVM/Pods-MVVM-frameworks.sh\"\n";
			showEnvVarsInLog = 0;
		};
/* End PBXShellScriptBuildPhase section */

/* Begin PBXSourcesBuildPhase section */
		76AD0D992010DFEE00C99F19 /* Sources */ = {
			isa = PBXSourcesBuildPhase;
			buildActionMask = 2147483647;
			files = (
				76AD0DA32010DFEE00C99F19 /* ViewController.swift in Sources */,
				7650E6502017799D00005F12 /* TaskDatabaseRepository.swift in Sources */,
				7650E6572018BF4600005F12 /* TasksViewModel.swift in Sources */,
				7650E64A201770A500005F12 /* Task.swift in Sources */,
				76AD0DA12010DFEE00C99F19 /* AppDelegate.swift in Sources */,
				7650E64C201774DD00005F12 /* Repository.swift in Sources */,
				7650E6592018CA3000005F12 /* RealmTask.swift in Sources */,
				7650E64E201778DF00005F12 /* TaskRepository.swift in Sources */,
			);
			runOnlyForDeploymentPostprocessing = 0;
		};
/* End PBXSourcesBuildPhase section */

/* Begin PBXVariantGroup section */
		76AD0DA42010DFEE00C99F19 /* Main.storyboard */ = {
			isa = PBXVariantGroup;
			children = (
				76AD0DA52010DFEE00C99F19 /* Base */,
			);
			name = Main.storyboard;
			sourceTree = "<group>";
		};
		76AD0DA92010DFEE00C99F19 /* LaunchScreen.storyboard */ = {
			isa = PBXVariantGroup;
			children = (
				76AD0DAA2010DFEE00C99F19 /* Base */,
			);
			name = LaunchScreen.storyboard;
			sourceTree = "<group>";
		};
/* End PBXVariantGroup section */

/* Begin XCBuildConfiguration section */
		76AD0DAD2010DFEE00C99F19 /* Debug */ = {
			isa = XCBuildConfiguration;
			buildSettings = {
				ALWAYS_SEARCH_USER_PATHS = NO;
				CLANG_ANALYZER_NONNULL = YES;
				CLANG_ANALYZER_NUMBER_OBJECT_CONVERSION = YES_AGGRESSIVE;
				CLANG_CXX_LANGUAGE_STANDARD = "gnu++14";
				CLANG_CXX_LIBRARY = "libc++";
				CLANG_ENABLE_MODULES = YES;
				CLANG_ENABLE_OBJC_ARC = YES;
				CLANG_WARN_BLOCK_CAPTURE_AUTORELEASING = YES;
				CLANG_WARN_BOOL_CONVERSION = YES;
				CLANG_WARN_COMMA = YES;
				CLANG_WARN_CONSTANT_CONVERSION = YES;
				CLANG_WARN_DIRECT_OBJC_ISA_USAGE = YES_ERROR;
				CLANG_WARN_DOCUMENTATION_COMMENTS = YES;
				CLANG_WARN_EMPTY_BODY = YES;
				CLANG_WARN_ENUM_CONVERSION = YES;
				CLANG_WARN_INFINITE_RECURSION = YES;
				CLANG_WARN_INT_CONVERSION = YES;
				CLANG_WARN_NON_LITERAL_NULL_CONVERSION = YES;
				CLANG_WARN_OBJC_LITERAL_CONVERSION = YES;
				CLANG_WARN_OBJC_ROOT_CLASS = YES_ERROR;
				CLANG_WARN_RANGE_LOOP_ANALYSIS = YES;
				CLANG_WARN_STRICT_PROTOTYPES = YES;
				CLANG_WARN_SUSPICIOUS_MOVE = YES;
				CLANG_WARN_UNGUARDED_AVAILABILITY = YES_AGGRESSIVE;
				CLANG_WARN_UNREACHABLE_CODE = YES;
				CLANG_WARN__DUPLICATE_METHOD_MATCH = YES;
				CODE_SIGN_IDENTITY = "iPhone Developer";
				COPY_PHASE_STRIP = NO;
				DEBUG_INFORMATION_FORMAT = dwarf;
				ENABLE_STRICT_OBJC_MSGSEND = YES;
				ENABLE_TESTABILITY = YES;
				GCC_C_LANGUAGE_STANDARD = gnu11;
				GCC_DYNAMIC_NO_PIC = NO;
				GCC_NO_COMMON_BLOCKS = YES;
				GCC_OPTIMIZATION_LEVEL = 0;
				GCC_PREPROCESSOR_DEFINITIONS = (
					"DEBUG=1",
					"$(inherited)",
				);
				GCC_WARN_64_TO_32_BIT_CONVERSION = YES;
				GCC_WARN_ABOUT_RETURN_TYPE = YES_ERROR;
				GCC_WARN_UNDECLARED_SELECTOR = YES;
				GCC_WARN_UNINITIALIZED_AUTOS = YES_AGGRESSIVE;
				GCC_WARN_UNUSED_FUNCTION = YES;
				GCC_WARN_UNUSED_VARIABLE = YES;
				IPHONEOS_DEPLOYMENT_TARGET = 11.2;
				MTL_ENABLE_DEBUG_INFO = YES;
				ONLY_ACTIVE_ARCH = YES;
				SDKROOT = iphoneos;
				SWIFT_ACTIVE_COMPILATION_CONDITIONS = DEBUG;
				SWIFT_OPTIMIZATION_LEVEL = "-Onone";
			};
			name = Debug;
		};
		76AD0DAE2010DFEE00C99F19 /* Release */ = {
			isa = XCBuildConfiguration;
			buildSettings = {
				ALWAYS_SEARCH_USER_PATHS = NO;
				CLANG_ANALYZER_NONNULL = YES;
				CLANG_ANALYZER_NUMBER_OBJECT_CONVERSION = YES_AGGRESSIVE;
				CLANG_CXX_LANGUAGE_STANDARD = "gnu++14";
				CLANG_CXX_LIBRARY = "libc++";
				CLANG_ENABLE_MODULES = YES;
				CLANG_ENABLE_OBJC_ARC = YES;
				CLANG_WARN_BLOCK_CAPTURE_AUTORELEASING = YES;
				CLANG_WARN_BOOL_CONVERSION = YES;
				CLANG_WARN_COMMA = YES;
				CLANG_WARN_CONSTANT_CONVERSION = YES;
				CLANG_WARN_DIRECT_OBJC_ISA_USAGE = YES_ERROR;
				CLANG_WARN_DOCUMENTATION_COMMENTS = YES;
				CLANG_WARN_EMPTY_BODY = YES;
				CLANG_WARN_ENUM_CONVERSION = YES;
				CLANG_WARN_INFINITE_RECURSION = YES;
				CLANG_WARN_INT_CONVERSION = YES;
				CLANG_WARN_NON_LITERAL_NULL_CONVERSION = YES;
				CLANG_WARN_OBJC_LITERAL_CONVERSION = YES;
				CLANG_WARN_OBJC_ROOT_CLASS = YES_ERROR;
				CLANG_WARN_RANGE_LOOP_ANALYSIS = YES;
				CLANG_WARN_STRICT_PROTOTYPES = YES;
				CLANG_WARN_SUSPICIOUS_MOVE = YES;
				CLANG_WARN_UNGUARDED_AVAILABILITY = YES_AGGRESSIVE;
				CLANG_WARN_UNREACHABLE_CODE = YES;
				CLANG_WARN__DUPLICATE_METHOD_MATCH = YES;
				CODE_SIGN_IDENTITY = "iPhone Developer";
				COPY_PHASE_STRIP = NO;
				DEBUG_INFORMATION_FORMAT = "dwarf-with-dsym";
				ENABLE_NS_ASSERTIONS = NO;
				ENABLE_STRICT_OBJC_MSGSEND = YES;
				GCC_C_LANGUAGE_STANDARD = gnu11;
				GCC_NO_COMMON_BLOCKS = YES;
				GCC_WARN_64_TO_32_BIT_CONVERSION = YES;
				GCC_WARN_ABOUT_RETURN_TYPE = YES_ERROR;
				GCC_WARN_UNDECLARED_SELECTOR = YES;
				GCC_WARN_UNINITIALIZED_AUTOS = YES_AGGRESSIVE;
				GCC_WARN_UNUSED_FUNCTION = YES;
				GCC_WARN_UNUSED_VARIABLE = YES;
				IPHONEOS_DEPLOYMENT_TARGET = 11.2;
				MTL_ENABLE_DEBUG_INFO = NO;
				SDKROOT = iphoneos;
				SWIFT_OPTIMIZATION_LEVEL = "-Owholemodule";
				VALIDATE_PRODUCT = YES;
			};
			name = Release;
		};
		76AD0DB02010DFEE00C99F19 /* Debug */ = {
			isa = XCBuildConfiguration;
			baseConfigurationReference = 84B65BE446AFFCBE2210D1BC /* Pods-MVVM.debug.xcconfig */;
			buildSettings = {
				ASSETCATALOG_COMPILER_APPICON_NAME = AppIcon;
				CODE_SIGN_STYLE = Automatic;
				DEVELOPMENT_TEAM = PBT9ZH34SH;
				INFOPLIST_FILE = MVVM/Info.plist;
				LD_RUNPATH_SEARCH_PATHS = "$(inherited) @executable_path/Frameworks";
				PRODUCT_BUNDLE_IDENTIFIER = com.davidcorrado.MVVM;
				PRODUCT_NAME = "$(TARGET_NAME)";
				SWIFT_VERSION = 4.0;
				TARGETED_DEVICE_FAMILY = "1,2";
			};
			name = Debug;
		};
		76AD0DB12010DFEE00C99F19 /* Release */ = {
			isa = XCBuildConfiguration;
			baseConfigurationReference = A380308D9569BC7C50544AAD /* Pods-MVVM.release.xcconfig */;
			buildSettings = {
				ASSETCATALOG_COMPILER_APPICON_NAME = AppIcon;
				CODE_SIGN_STYLE = Automatic;
				DEVELOPMENT_TEAM = PBT9ZH34SH;
				INFOPLIST_FILE = MVVM/Info.plist;
				LD_RUNPATH_SEARCH_PATHS = "$(inherited) @executable_path/Frameworks";
				PRODUCT_BUNDLE_IDENTIFIER = com.davidcorrado.MVVM;
				PRODUCT_NAME = "$(TARGET_NAME)";
				SWIFT_VERSION = 4.0;
				TARGETED_DEVICE_FAMILY = "1,2";
			};
			name = Release;
		};
/* End XCBuildConfiguration section */

/* Begin XCConfigurationList section */
		76AD0D982010DFED00C99F19 /* Build configuration list for PBXProject "MVVM" */ = {
			isa = XCConfigurationList;
			buildConfigurations = (
				76AD0DAD2010DFEE00C99F19 /* Debug */,
				76AD0DAE2010DFEE00C99F19 /* Release */,
			);
			defaultConfigurationIsVisible = 0;
			defaultConfigurationName = Release;
		};
		76AD0DAF2010DFEE00C99F19 /* Build configuration list for PBXNativeTarget "MVVM" */ = {
			isa = XCConfigurationList;
			buildConfigurations = (
				76AD0DB02010DFEE00C99F19 /* Debug */,
				76AD0DB12010DFEE00C99F19 /* Release */,
			);
			defaultConfigurationIsVisible = 0;
			defaultConfigurationName = Release;
		};
/* End XCConfigurationList section */
	};
	rootObject = 76AD0D952010DFED00C99F19 /* Project object */;
}
