// !$*UTF8*$!
{
	archiveVersion = 1;
	classes = {
	};
	objectVersion = 55;
	objects = {

/* Begin PBXBuildFile section */
		763580CC271E658900F07DD4 /* Realm in Frameworks */ = {isa = PBXBuildFile; productRef = 763580CB271E658900F07DD4 /* Realm */; };
		763580CE271E658900F07DD4 /* RealmSwift in Frameworks */ = {isa = PBXBuildFile; productRef = 763580CD271E658900F07DD4 /* RealmSwift */; };
		7650E64A201770A500005F12 /* Task.swift in Sources */ = {isa = PBXBuildFile; fileRef = 7650E649201770A500005F12 /* Task.swift */; };
		7650E64C201774DD00005F12 /* Repository.swift in Sources */ = {isa = PBXBuildFile; fileRef = 7650E64B201774DD00005F12 /* Repository.swift */; };
		7650E64E201778DF00005F12 /* TaskRepository.swift in Sources */ = {isa = PBXBuildFile; fileRef = 7650E64D201778DF00005F12 /* TaskRepository.swift */; };
		7650E6502017799D00005F12 /* TaskDatabaseRepository.swift in Sources */ = {isa = PBXBuildFile; fileRef = 7650E64F2017799D00005F12 /* TaskDatabaseRepository.swift */; };
		7650E6572018BF4600005F12 /* TasksViewModel.swift in Sources */ = {isa = PBXBuildFile; fileRef = 7650E6562018BF4600005F12 /* TasksViewModel.swift */; };
		7650E6592018CA3000005F12 /* RealmTask.swift in Sources */ = {isa = PBXBuildFile; fileRef = 7650E6582018CA3000005F12 /* RealmTask.swift */; };
		76AD0DA82010DFEE00C99F19 /* Assets.xcassets in Resources */ = {isa = PBXBuildFile; fileRef = 76AD0DA72010DFEE00C99F19 /* Assets.xcassets */; };
		76ED0186271E74390005312D /* TodoApp.swift in Sources */ = {isa = PBXBuildFile; fileRef = 76ED0185271E74390005312D /* TodoApp.swift */; };
		76ED0189271E769D0005312D /* TaskListScreen.swift in Sources */ = {isa = PBXBuildFile; fileRef = 76ED0188271E769C0005312D /* TaskListScreen.swift */; };
/* End PBXBuildFile section */

/* Begin PBXFileReference section */
		7650E649201770A500005F12 /* Task.swift */ = {isa = PBXFileReference; lastKnownFileType = sourcecode.swift; path = Task.swift; sourceTree = "<group>"; };
		7650E64B201774DD00005F12 /* Repository.swift */ = {isa = PBXFileReference; lastKnownFileType = sourcecode.swift; path = Repository.swift; sourceTree = "<group>"; };
		7650E64D201778DF00005F12 /* TaskRepository.swift */ = {isa = PBXFileReference; lastKnownFileType = sourcecode.swift; path = TaskRepository.swift; sourceTree = "<group>"; };
		7650E64F2017799D00005F12 /* TaskDatabaseRepository.swift */ = {isa = PBXFileReference; lastKnownFileType = sourcecode.swift; path = TaskDatabaseRepository.swift; sourceTree = "<group>"; };
		7650E6562018BF4600005F12 /* TasksViewModel.swift */ = {isa = PBXFileReference; lastKnownFileType = sourcecode.swift; path = TasksViewModel.swift; sourceTree = "<group>"; };
		7650E6582018CA3000005F12 /* RealmTask.swift */ = {isa = PBXFileReference; lastKnownFileType = sourcecode.swift; path = RealmTask.swift; sourceTree = "<group>"; };
		76AD0D9D2010DFEE00C99F19 /* Todo.app */ = {isa = PBXFileReference; explicitFileType = wrapper.application; includeInIndex = 0; path = Todo.app; sourceTree = BUILT_PRODUCTS_DIR; };
		76AD0DA72010DFEE00C99F19 /* Assets.xcassets */ = {isa = PBXFileReference; lastKnownFileType = folder.assetcatalog; path = Assets.xcassets; sourceTree = "<group>"; };
		76AD0DAC2010DFEE00C99F19 /* Info.plist */ = {isa = PBXFileReference; lastKnownFileType = text.plist.xml; path = Info.plist; sourceTree = "<group>"; };
		76ED0185271E74390005312D /* TodoApp.swift */ = {isa = PBXFileReference; lastKnownFileType = sourcecode.swift; path = TodoApp.swift; sourceTree = "<group>"; };
		76ED0188271E769C0005312D /* TaskListScreen.swift */ = {isa = PBXFileReference; lastKnownFileType = sourcecode.swift; path = TaskListScreen.swift; sourceTree = "<group>"; };
/* End PBXFileReference section */

/* Begin PBXFrameworksBuildPhase section */
		76AD0D9A2010DFEE00C99F19 /* Frameworks */ = {
			isa = PBXFrameworksBuildPhase;
			buildActionMask = 2147483647;
			files = (
				763580CE271E658900F07DD4 /* RealmSwift in Frameworks */,
				763580CC271E658900F07DD4 /* Realm in Frameworks */,
			);
			runOnlyForDeploymentPostprocessing = 0;
		};
/* End PBXFrameworksBuildPhase section */

/* Begin PBXGroup section */
		23E6DD92B772CA4D2DF4724F /* Frameworks */ = {
			isa = PBXGroup;
			children = (
			);
			name = Frameworks;
			sourceTree = "<group>";
		};
		7650E6482017708F00005F12 /* Data */ = {
			isa = PBXGroup;
			children = (
				7650E649201770A500005F12 /* Task.swift */,
				7650E64B201774DD00005F12 /* Repository.swift */,
				7650E64D201778DF00005F12 /* TaskRepository.swift */,
				7650E64F2017799D00005F12 /* TaskDatabaseRepository.swift */,
				7650E6582018CA3000005F12 /* RealmTask.swift */,
			);
			path = Data;
			sourceTree = "<group>";
		};
		7650E6542018BED500005F12 /* UI */ = {
			isa = PBXGroup;
			children = (
				76ED0185271E74390005312D /* TodoApp.swift */,
				76ED0187271E76370005312D /* Tasks */,
			);
			path = UI;
			sourceTree = "<group>";
		};
		76AD0D942010DFED00C99F19 = {
			isa = PBXGroup;
			children = (
				23E6DD92B772CA4D2DF4724F /* Frameworks */,
				76AD0D9E2010DFEE00C99F19 /* Products */,
				76AD0D9F2010DFEE00C99F19 /* Todo */,
			);
			sourceTree = "<group>";
		};
		76AD0D9E2010DFEE00C99F19 /* Products */ = {
			isa = PBXGroup;
			children = (
				76AD0D9D2010DFEE00C99F19 /* Todo.app */,
			);
			name = Products;
			sourceTree = "<group>";
		};
		76AD0D9F2010DFEE00C99F19 /* Todo */ = {
			isa = PBXGroup;
			children = (
				76AD0DA72010DFEE00C99F19 /* Assets.xcassets */,
				7650E6482017708F00005F12 /* Data */,
				76AD0DAC2010DFEE00C99F19 /* Info.plist */,
				7650E6542018BED500005F12 /* UI */,
			);
			path = Todo;
			sourceTree = "<group>";
		};
		76ED0187271E76370005312D /* Tasks */ = {
			isa = PBXGroup;
			children = (
				7650E6562018BF4600005F12 /* TasksViewModel.swift */,
				76ED0188271E769C0005312D /* TaskListScreen.swift */,
			);
			path = Tasks;
			sourceTree = "<group>";
		};
/* End PBXGroup section */

/* Begin PBXNativeTarget section */
		76AD0D9C2010DFEE00C99F19 /* Todo */ = {
			isa = PBXNativeTarget;
			buildConfigurationList = 76AD0DAF2010DFEE00C99F19 /* Build configuration list for PBXNativeTarget "Todo" */;
			buildPhases = (
				76AD0D992010DFEE00C99F19 /* Sources */,
				76AD0D9A2010DFEE00C99F19 /* Frameworks */,
				76AD0D9B2010DFEE00C99F19 /* Resources */,
				76F871E52010E53E00DA9D0B /* Lint Code */,
			);
			buildRules = (
			);
			dependencies = (
			);
			name = Todo;
			packageProductDependencies = (
				763580CB271E658900F07DD4 /* Realm */,
				763580CD271E658900F07DD4 /* RealmSwift */,
			);
			productName = MVVM;
			productReference = 76AD0D9D2010DFEE00C99F19 /* Todo.app */;
			productType = "com.apple.product-type.application";
		};
/* End PBXNativeTarget section */

/* Begin PBXProject section */
		76AD0D952010DFED00C99F19 /* Project object */ = {
			isa = PBXProject;
			attributes = {
				LastSwiftUpdateCheck = 0920;
				LastUpgradeCheck = 1300;
				ORGANIZATIONNAME = "David Corrado";
				TargetAttributes = {
					76AD0D9C2010DFEE00C99F19 = {
						CreatedOnToolsVersion = 9.2;
						LastSwiftMigration = 1300;
						ProvisioningStyle = Automatic;
					};
				};
			};
			buildConfigurationList = 76AD0D982010DFED00C99F19 /* Build configuration list for PBXProject "Todo" */;
			compatibilityVersion = "Xcode 13.0";
			developmentRegion = en;
			hasScannedForEncodings = 0;
			knownRegions = (
				en,
				Base,
			);
			mainGroup = 76AD0D942010DFED00C99F19;
			packageReferences = (
				763580CA271E658900F07DD4 /* XCRemoteSwiftPackageReference "realm-cocoa" */,
			);
			productRefGroup = 76AD0D9E2010DFEE00C99F19 /* Products */;
			projectDirPath = "";
			projectRoot = "";
			targets = (
				76AD0D9C2010DFEE00C99F19 /* Todo */,
			);
		};
/* End PBXProject section */

/* Begin PBXResourcesBuildPhase section */
		76AD0D9B2010DFEE00C99F19 /* Resources */ = {
			isa = PBXResourcesBuildPhase;
			buildActionMask = 2147483647;
			files = (
				76AD0DA82010DFEE00C99F19 /* Assets.xcassets in Resources */,
			);
			runOnlyForDeploymentPostprocessing = 0;
		};
/* End PBXResourcesBuildPhase section */

/* Begin PBXShellScriptBuildPhase section */
		76F871E52010E53E00DA9D0B /* Lint Code */ = {
			isa = PBXShellScriptBuildPhase;
			buildActionMask = 2147483647;
			files = (
			);
			inputPaths = (
			);
			name = "Lint Code";
			outputPaths = (
			);
			runOnlyForDeploymentPostprocessing = 0;
			shellPath = /bin/sh;
			shellScript = "if which mint >/dev/null; then\n  mint run swiftlint\nelse\n  echo \"warning: Mint not installed, download from https://github.com/yonaskolb/Mint\"\nfi\n";
		};
/* End PBXShellScriptBuildPhase section */

/* Begin PBXSourcesBuildPhase section */
		76AD0D992010DFEE00C99F19 /* Sources */ = {
			isa = PBXSourcesBuildPhase;
			buildActionMask = 2147483647;
			files = (
				7650E6502017799D00005F12 /* TaskDatabaseRepository.swift in Sources */,
				76ED0186271E74390005312D /* TodoApp.swift in Sources */,
				7650E6572018BF4600005F12 /* TasksViewModel.swift in Sources */,
				7650E64A201770A500005F12 /* Task.swift in Sources */,
				76ED0189271E769D0005312D /* TaskListScreen.swift in Sources */,
				7650E64C201774DD00005F12 /* Repository.swift in Sources */,
				7650E6592018CA3000005F12 /* RealmTask.swift in Sources */,
				7650E64E201778DF00005F12 /* TaskRepository.swift in Sources */,
			);
			runOnlyForDeploymentPostprocessing = 0;
		};
/* End PBXSourcesBuildPhase section */

/* Begin XCBuildConfiguration section */
		76AD0DAD2010DFEE00C99F19 /* Debug */ = {
			isa = XCBuildConfiguration;
			buildSettings = {
				ALWAYS_SEARCH_USER_PATHS = NO;
				CLANG_ANALYZER_NONNULL = YES;
				CLANG_ANALYZER_NUMBER_OBJECT_CONVERSION = YES_AGGRESSIVE;
				CLANG_CXX_LANGUAGE_STANDARD = "gnu++14";
				CLANG_CXX_LIBRARY = "libc++";
				CLANG_ENABLE_MODULES = YES;
				CLANG_ENABLE_OBJC_ARC = YES;
				CLANG_WARN_BLOCK_CAPTURE_AUTORELEASING = YES;
				CLANG_WARN_BOOL_CONVERSION = YES;
				CLANG_WARN_COMMA = YES;
				CLANG_WARN_CONSTANT_CONVERSION = YES;
				CLANG_WARN_DEPRECATED_OBJC_IMPLEMENTATIONS = YES;
				CLANG_WARN_DIRECT_OBJC_ISA_USAGE = YES_ERROR;
				CLANG_WARN_DOCUMENTATION_COMMENTS = YES;
				CLANG_WARN_EMPTY_BODY = YES;
				CLANG_WARN_ENUM_CONVERSION = YES;
				CLANG_WARN_INFINITE_RECURSION = YES;
				CLANG_WARN_INT_CONVERSION = YES;
				CLANG_WARN_NON_LITERAL_NULL_CONVERSION = YES;
				CLANG_WARN_OBJC_IMPLICIT_RETAIN_SELF = YES;
				CLANG_WARN_OBJC_LITERAL_CONVERSION = YES;
				CLANG_WARN_OBJC_ROOT_CLASS = YES_ERROR;
				CLANG_WARN_QUOTED_INCLUDE_IN_FRAMEWORK_HEADER = YES;
				CLANG_WARN_RANGE_LOOP_ANALYSIS = YES;
				CLANG_WARN_STRICT_PROTOTYPES = YES;
				CLANG_WARN_SUSPICIOUS_MOVE = YES;
				CLANG_WARN_UNGUARDED_AVAILABILITY = YES_AGGRESSIVE;
				CLANG_WARN_UNREACHABLE_CODE = YES;
				CLANG_WARN__DUPLICATE_METHOD_MATCH = YES;
				CODE_SIGN_IDENTITY = "iPhone Developer";
				COPY_PHASE_STRIP = NO;
				DEBUG_INFORMATION_FORMAT = dwarf;
				ENABLE_STRICT_OBJC_MSGSEND = YES;
				ENABLE_TESTABILITY = YES;
				GCC_C_LANGUAGE_STANDARD = gnu11;
				GCC_DYNAMIC_NO_PIC = NO;
				GCC_NO_COMMON_BLOCKS = YES;
				GCC_OPTIMIZATION_LEVEL = 0;
				GCC_PREPROCESSOR_DEFINITIONS = (
					"DEBUG=1",
					"$(inherited)",
				);
				GCC_WARN_64_TO_32_BIT_CONVERSION = YES;
				GCC_WARN_ABOUT_RETURN_TYPE = YES_ERROR;
				GCC_WARN_UNDECLARED_SELECTOR = YES;
				GCC_WARN_UNINITIALIZED_AUTOS = YES_AGGRESSIVE;
				GCC_WARN_UNUSED_FUNCTION = YES;
				GCC_WARN_UNUSED_VARIABLE = YES;
				IPHONEOS_DEPLOYMENT_TARGET = 14.0;
				MTL_ENABLE_DEBUG_INFO = YES;
				ONLY_ACTIVE_ARCH = YES;
				SDKROOT = iphoneos;
				SWIFT_ACTIVE_COMPILATION_CONDITIONS = DEBUG;
				SWIFT_OPTIMIZATION_LEVEL = "-Onone";
			};
			name = Debug;
		};
		76AD0DAE2010DFEE00C99F19 /* Release */ = {
			isa = XCBuildConfiguration;
			buildSettings = {
				ALWAYS_SEARCH_USER_PATHS = NO;
				CLANG_ANALYZER_NONNULL = YES;
				CLANG_ANALYZER_NUMBER_OBJECT_CONVERSION = YES_AGGRESSIVE;
				CLANG_CXX_LANGUAGE_STANDARD = "gnu++14";
				CLANG_CXX_LIBRARY = "libc++";
				CLANG_ENABLE_MODULES = YES;
				CLANG_ENABLE_OBJC_ARC = YES;
				CLANG_WARN_BLOCK_CAPTURE_AUTORELEASING = YES;
				CLANG_WARN_BOOL_CONVERSION = YES;
				CLANG_WARN_COMMA = YES;
				CLANG_WARN_CONSTANT_CONVERSION = YES;
				CLANG_WARN_DEPRECATED_OBJC_IMPLEMENTATIONS = YES;
				CLANG_WARN_DIRECT_OBJC_ISA_USAGE = YES_ERROR;
				CLANG_WARN_DOCUMENTATION_COMMENTS = YES;
				CLANG_WARN_EMPTY_BODY = YES;
				CLANG_WARN_ENUM_CONVERSION = YES;
				CLANG_WARN_INFINITE_RECURSION = YES;
				CLANG_WARN_INT_CONVERSION = YES;
				CLANG_WARN_NON_LITERAL_NULL_CONVERSION = YES;
				CLANG_WARN_OBJC_IMPLICIT_RETAIN_SELF = YES;
				CLANG_WARN_OBJC_LITERAL_CONVERSION = YES;
				CLANG_WARN_OBJC_ROOT_CLASS = YES_ERROR;
				CLANG_WARN_QUOTED_INCLUDE_IN_FRAMEWORK_HEADER = YES;
				CLANG_WARN_RANGE_LOOP_ANALYSIS = YES;
				CLANG_WARN_STRICT_PROTOTYPES = YES;
				CLANG_WARN_SUSPICIOUS_MOVE = YES;
				CLANG_WARN_UNGUARDED_AVAILABILITY = YES_AGGRESSIVE;
				CLANG_WARN_UNREACHABLE_CODE = YES;
				CLANG_WARN__DUPLICATE_METHOD_MATCH = YES;
				CODE_SIGN_IDENTITY = "iPhone Developer";
				COPY_PHASE_STRIP = NO;
				DEBUG_INFORMATION_FORMAT = "dwarf-with-dsym";
				ENABLE_NS_ASSERTIONS = NO;
				ENABLE_STRICT_OBJC_MSGSEND = YES;
				GCC_C_LANGUAGE_STANDARD = gnu11;
				GCC_NO_COMMON_BLOCKS = YES;
				GCC_WARN_64_TO_32_BIT_CONVERSION = YES;
				GCC_WARN_ABOUT_RETURN_TYPE = YES_ERROR;
				GCC_WARN_UNDECLARED_SELECTOR = YES;
				GCC_WARN_UNINITIALIZED_AUTOS = YES_AGGRESSIVE;
				GCC_WARN_UNUSED_FUNCTION = YES;
				GCC_WARN_UNUSED_VARIABLE = YES;
				IPHONEOS_DEPLOYMENT_TARGET = 14.0;
				MTL_ENABLE_DEBUG_INFO = NO;
				SDKROOT = iphoneos;
				SWIFT_COMPILATION_MODE = wholemodule;
				SWIFT_OPTIMIZATION_LEVEL = "-O";
				VALIDATE_PRODUCT = YES;
			};
			name = Release;
		};
		76AD0DB02010DFEE00C99F19 /* Debug */ = {
			isa = XCBuildConfiguration;
			buildSettings = {
				ASSETCATALOG_COMPILER_APPICON_NAME = AppIcon;
				CODE_SIGN_STYLE = Automatic;
				DEVELOPMENT_TEAM = PBT9ZH34SH;
				INFOPLIST_FILE = Todo/Info.plist;
				LD_RUNPATH_SEARCH_PATHS = (
					"$(inherited)",
					"@executable_path/Frameworks",
				);
				PRODUCT_BUNDLE_IDENTIFIER = com.davidcorrado.todo;
				PRODUCT_NAME = "$(TARGET_NAME)";
				SWIFT_VERSION = 5.0;
				TARGETED_DEVICE_FAMILY = "1,2";
			};
			name = Debug;
		};
		76AD0DB12010DFEE00C99F19 /* Release */ = {
			isa = XCBuildConfiguration;
			buildSettings = {
				ASSETCATALOG_COMPILER_APPICON_NAME = AppIcon;
				CODE_SIGN_STYLE = Automatic;
				DEVELOPMENT_TEAM = PBT9ZH34SH;
				INFOPLIST_FILE = Todo/Info.plist;
				LD_RUNPATH_SEARCH_PATHS = (
					"$(inherited)",
					"@executable_path/Frameworks",
				);
				PRODUCT_BUNDLE_IDENTIFIER = com.davidcorrado.todo;
				PRODUCT_NAME = "$(TARGET_NAME)";
				SWIFT_VERSION = 5.0;
				TARGETED_DEVICE_FAMILY = "1,2";
			};
			name = Release;
		};
/* End XCBuildConfiguration section */

/* Begin XCConfigurationList section */
		76AD0D982010DFED00C99F19 /* Build configuration list for PBXProject "Todo" */ = {
			isa = XCConfigurationList;
			buildConfigurations = (
				76AD0DAD2010DFEE00C99F19 /* Debug */,
				76AD0DAE2010DFEE00C99F19 /* Release */,
			);
			defaultConfigurationIsVisible = 0;
			defaultConfigurationName = Release;
		};
		76AD0DAF2010DFEE00C99F19 /* Build configuration list for PBXNativeTarget "Todo" */ = {
			isa = XCConfigurationList;
			buildConfigurations = (
				76AD0DB02010DFEE00C99F19 /* Debug */,
				76AD0DB12010DFEE00C99F19 /* Release */,
			);
			defaultConfigurationIsVisible = 0;
			defaultConfigurationName = Release;
		};
/* End XCConfigurationList section */

/* Begin XCRemoteSwiftPackageReference section */
		763580CA271E658900F07DD4 /* XCRemoteSwiftPackageReference "realm-cocoa" */ = {
			isa = XCRemoteSwiftPackageReference;
			repositoryURL = "https://github.com/realm/realm-cocoa";
			requirement = {
				kind = exactVersion;
				version = 10.16.0;
			};
		};
/* End XCRemoteSwiftPackageReference section */

/* Begin XCSwiftPackageProductDependency section */
		763580CB271E658900F07DD4 /* Realm */ = {
			isa = XCSwiftPackageProductDependency;
			package = 763580CA271E658900F07DD4 /* XCRemoteSwiftPackageReference "realm-cocoa" */;
			productName = Realm;
		};
		763580CD271E658900F07DD4 /* RealmSwift */ = {
			isa = XCSwiftPackageProductDependency;
			package = 763580CA271E658900F07DD4 /* XCRemoteSwiftPackageReference "realm-cocoa" */;
			productName = RealmSwift;
		};
/* End XCSwiftPackageProductDependency section */
	};
	rootObject = 76AD0D952010DFED00C99F19 /* Project object */;
}
